
Microsoft Visual Studio Solution File, Format Version 12.00
# Visual Studio Version 16
VisualStudioVersion = 16.0.30320.27
MinimumVisualStudioVersion = 10.0.40219.1
Project("{FAE04EC0-301F-11D3-BF4B-00C04F79EFBC}") = "SOLIDPrinciples", "SOLIDPrinciples\SOLIDPrinciples.csproj", "{DCD2A832-AC68-4FE4-9EE8-D9FC61A08568}"
EndProject
Global
	GlobalSection(SolutionConfigurationPlatforms) = preSolution
		Debug|Any CPU = Debug|Any CPU
		Release|Any CPU = Release|Any CPU
	EndGlobalSection
	GlobalSection(ProjectConfigurationPlatforms) = postSolution
		{DCD2A832-AC68-4FE4-9EE8-D9FC61A08568}.Debug|Any CPU.ActiveCfg = Debug|Any CPU
		{DCD2A832-AC68-4FE4-9EE8-D9FC61A08568}.Debug|Any CPU.Build.0 = Debug|Any CPU
		{DCD2A832-AC68-4FE4-9EE8-D9FC61A08568}.Release|Any CPU.ActiveCfg = Release|Any CPU
		{DCD2A832-AC68-4FE4-9EE8-D9FC61A08568}.Release|Any CPU.Build.0 = Release|Any CPU
	EndGlobalSection
	GlobalSection(SolutionProperties) = preSolution
		HideSolutionNode = FALSE
	EndGlobalSection
	GlobalSection(ExtensibilityGlobals) = postSolution
		SolutionGuid = {A3CCBC08-DB27-4835-9681-D79E4EF44809}
	EndGlobalSection
EndGlobal
